
Microsoft Visual Studio Solution File, Format Version 12.00
# Visual Studio Version 16
VisualStudioVersion = 16.0.31624.102
MinimumVisualStudioVersion = 10.0.40219.1
Project("{FAE04EC0-301F-11D3-BF4B-00C04F79EFBC}") = "Book_REST_Service", "Book_REST_Service.csproj", "{4D97E555-0213-41FA-B74D-6DF069FF6627}"
EndProject
Global
	GlobalSection(SolutionConfigurationPlatforms) = preSolution
		Debug|Any CPU = Debug|Any CPU
		Release|Any CPU = Release|Any CPU
	EndGlobalSection
	GlobalSection(ProjectConfigurationPlatforms) = postSolution
		{4D97E555-0213-41FA-B74D-6DF069FF6627}.Debug|Any CPU.ActiveCfg = Debug|Any CPU
		{4D97E555-0213-41FA-B74D-6DF069FF6627}.Debug|Any CPU.Build.0 = Debug|Any CPU
		{4D97E555-0213-41FA-B74D-6DF069FF6627}.Release|Any CPU.ActiveCfg = Release|Any CPU
		{4D97E555-0213-41FA-B74D-6DF069FF6627}.Release|Any CPU.Build.0 = Release|Any CPU
	EndGlobalSection
	GlobalSection(SolutionProperties) = preSolution
		HideSolutionNode = FALSE
	EndGlobalSection
	GlobalSection(ExtensibilityGlobals) = postSolution
		SolutionGuid = {E9D9803C-141C-47FE-AB9A-F9B297B932F6}
	EndGlobalSection
EndGlobal
