
Microsoft Visual Studio Solution File, Format Version 12.00
# Visual Studio Version 16
VisualStudioVersion = 16.0.31624.102
MinimumVisualStudioVersion = 10.0.40219.1
Project("{FAE04EC0-301F-11D3-BF4B-00C04F79EFBC}") = "FoodClassLib", "FoodClassLib.csproj", "{A202DAFD-CB24-4CCA-96D0-B52F73660908}"
EndProject
Global
	GlobalSection(SolutionConfigurationPlatforms) = preSolution
		Debug|Any CPU = Debug|Any CPU
		Release|Any CPU = Release|Any CPU
	EndGlobalSection
	GlobalSection(ProjectConfigurationPlatforms) = postSolution
		{A202DAFD-CB24-4CCA-96D0-B52F73660908}.Debug|Any CPU.ActiveCfg = Debug|Any CPU
		{A202DAFD-CB24-4CCA-96D0-B52F73660908}.Debug|Any CPU.Build.0 = Debug|Any CPU
		{A202DAFD-CB24-4CCA-96D0-B52F73660908}.Release|Any CPU.ActiveCfg = Release|Any CPU
		{A202DAFD-CB24-4CCA-96D0-B52F73660908}.Release|Any CPU.Build.0 = Release|Any CPU
	EndGlobalSection
	GlobalSection(SolutionProperties) = preSolution
		HideSolutionNode = FALSE
	EndGlobalSection
	GlobalSection(ExtensibilityGlobals) = postSolution
		SolutionGuid = {DF4CB2C9-6524-4D42-8D55-4FCE3DF77DD2}
	EndGlobalSection
EndGlobal
