
Microsoft Visual Studio Solution File, Format Version 12.00
# Visual Studio Version 16
VisualStudioVersion = 16.0.31624.102
MinimumVisualStudioVersion = 10.0.40219.1
Project("{FAE04EC0-301F-11D3-BF4B-00C04F79EFBC}") = "WebAPI-REST", "WebAPI-REST.csproj", "{18F54BDD-4802-4283-A617-DF3A1C8061E4}"
EndProject
Global
	GlobalSection(SolutionConfigurationPlatforms) = preSolution
		Debug|Any CPU = Debug|Any CPU
		Release|Any CPU = Release|Any CPU
	EndGlobalSection
	GlobalSection(ProjectConfigurationPlatforms) = postSolution
		{18F54BDD-4802-4283-A617-DF3A1C8061E4}.Debug|Any CPU.ActiveCfg = Debug|Any CPU
		{18F54BDD-4802-4283-A617-DF3A1C8061E4}.Debug|Any CPU.Build.0 = Debug|Any CPU
		{18F54BDD-4802-4283-A617-DF3A1C8061E4}.Release|Any CPU.ActiveCfg = Release|Any CPU
		{18F54BDD-4802-4283-A617-DF3A1C8061E4}.Release|Any CPU.Build.0 = Release|Any CPU
	EndGlobalSection
	GlobalSection(SolutionProperties) = preSolution
		HideSolutionNode = FALSE
	EndGlobalSection
	GlobalSection(ExtensibilityGlobals) = postSolution
		SolutionGuid = {D351159A-01BA-4DA1-BA7F-88E970DFE48C}
	EndGlobalSection
EndGlobal
